[[package]]
category = "main"
description = "Python subprocess replacement"
name = "sh"
optional = false
python-versions = "*"
version = "1.12.14"

[metadata]
content-hash = "c88a99a8b63d0d6bca1d47d24967ec238b6652a5ec165b27496ade3d2aa05fe1"
python-versions = "^3.7"

[metadata.files]
sh = [
    {file = "sh-1.12.14-py2.py3-none-any.whl", hash = "sha256:ae3258c5249493cebe73cb4e18253a41ed69262484bad36fdb3efcb8ad8870bb"},
    {file = "sh-1.12.14.tar.gz", hash = "sha256:b52bf5833ed01c7b5c5fb73a7f71b3d98d48e9b9b8764236237bdc7ecae850fc"},
]
